
Microsoft Visual Studio Solution File, Format Version 12.00
# Visual Studio Version 16
VisualStudioVersion = 16.0.30907.101
MinimumVisualStudioVersion = 10.0.40219.1
Project("{2150E333-8FDC-42A3-9474-1A3956D46DE8}") = "examples", "examples", "{E94958C3-5109-4384-A9CB-E165EC5754CE}"
EndProject
Project("{2150E333-8FDC-42A3-9474-1A3956D46DE8}") = "tests", "tests", "{225A277C-EFE4-47D6-A080-4005F7ED1D4C}"
EndProject
Project("{2150E333-8FDC-42A3-9474-1A3956D46DE8}") = "source", "source", "{C5CB43B2-2946-4FD0-A035-B5FFCF9A0F4C}"
EndProject
Project("{FAE04EC0-301F-11D3-BF4B-00C04F79EFBC}") = "SingleClassExample", "samples\SingleClassExample\SingleClassExample.csproj", "{7A352AC6-FF54-4BA7-A825-0DCC9260184D}"
EndProject
Project("{FAE04EC0-301F-11D3-BF4B-00C04F79EFBC}") = "SilkyNvg", "src\SilkyNvg\SilkyNvg.csproj", "{D2464220-2E07-46A7-BEFD-17EDAC6B6F91}"
EndProject
Project("{FAE04EC0-301F-11D3-BF4B-00C04F79EFBC}") = "NvgExample", "samples\NvgExample\NvgExample.csproj", "{78BE6EDB-648A-4D6D-9D2C-9E6E822109E4}"
EndProject
Project("{FAE04EC0-301F-11D3-BF4B-00C04F79EFBC}") = "SilkyNvg.Tools", "src\SilkyNvg.Tools\SilkyNvg.Tools.csproj", "{24F859C8-FDC3-461B-BC30-D99017921A8E}"
EndProject
Project("{2150E333-8FDC-42A3-9474-1A3956D46DE8}") = "renderers", "renderers", "{8C10A437-CF81-4A46-93A7-E380F60F4F0F}"
EndProject
Project("{FAE04EC0-301F-11D3-BF4B-00C04F79EFBC}") = "SilkyNvg.Rendering", "src\renderers\SilkyNvg.Rendering\SilkyNvg.Rendering.csproj", "{232DF48E-191E-4940-9E6C-4F1A968FBA78}"
EndProject
Project("{FAE04EC0-301F-11D3-BF4B-00C04F79EFBC}") = "SilkyNvg.Rendering.OpenGL", "src\renderers\SilkyNvg.Rendering.OpenGL\SilkyNvg.Rendering.OpenGL.csproj", "{F25B4108-92E1-41CD-B430-A22E355A38AB}"
EndProject
Project("{FAE04EC0-301F-11D3-BF4B-00C04F79EFBC}") = "SilkyNvg.Rendering.LegacyOpenGL", "src\renderers\SilkyNvg.Rendering.LegacyOpenGL\SilkyNvg.Rendering.LegacyOpenGL.csproj", "{811CA5D2-3682-4CC9-AA0D-77CD8D15B165}"
EndProject
Project("{FAE04EC0-301F-11D3-BF4B-00C04F79EFBC}") = "SilkyNvg.Common", "src\SilkyNvg.Common\SilkyNvg.Common.csproj", "{9F3B3B22-0B1D-47AF-A155-6E71775113E1}"
EndProject
Project("{FAE04EC0-301F-11D3-BF4B-00C04F79EFBC}") = "SilkyNvg.Core", "src\SilkyNvg.Core\SilkyNvg.Core.csproj", "{07A9D91E-6B19-45D7-B421-F3F37112DB99}"
EndProject
Project("{FAE04EC0-301F-11D3-BF4B-00C04F79EFBC}") = "SilkyNvg.Paths", "src\SilkyNvg.Paths\SilkyNvg.Paths.csproj", "{DE0B2C37-4700-47F6-8B3C-678289369477}"
EndProject
Project("{FAE04EC0-301F-11D3-BF4B-00C04F79EFBC}") = "SilkyNvg.Transforms", "src\SilkyNvg.Transforms\SilkyNvg.Transforms.csproj", "{DD3261A4-F8F2-427B-BC0D-9B2AA9469374}"
EndProject
Global
	GlobalSection(SolutionConfigurationPlatforms) = preSolution
		Debug|Any CPU = Debug|Any CPU
		Release|Any CPU = Release|Any CPU
	EndGlobalSection
	GlobalSection(ProjectConfigurationPlatforms) = postSolution
		{7A352AC6-FF54-4BA7-A825-0DCC9260184D}.Debug|Any CPU.ActiveCfg = Debug|Any CPU
		{7A352AC6-FF54-4BA7-A825-0DCC9260184D}.Debug|Any CPU.Build.0 = Debug|Any CPU
		{7A352AC6-FF54-4BA7-A825-0DCC9260184D}.Release|Any CPU.ActiveCfg = Release|Any CPU
		{7A352AC6-FF54-4BA7-A825-0DCC9260184D}.Release|Any CPU.Build.0 = Release|Any CPU
		{D2464220-2E07-46A7-BEFD-17EDAC6B6F91}.Debug|Any CPU.ActiveCfg = Debug|Any CPU
		{D2464220-2E07-46A7-BEFD-17EDAC6B6F91}.Debug|Any CPU.Build.0 = Debug|Any CPU
		{D2464220-2E07-46A7-BEFD-17EDAC6B6F91}.Release|Any CPU.ActiveCfg = Release|Any CPU
		{D2464220-2E07-46A7-BEFD-17EDAC6B6F91}.Release|Any CPU.Build.0 = Release|Any CPU
		{78BE6EDB-648A-4D6D-9D2C-9E6E822109E4}.Debug|Any CPU.ActiveCfg = Debug|Any CPU
		{78BE6EDB-648A-4D6D-9D2C-9E6E822109E4}.Debug|Any CPU.Build.0 = Debug|Any CPU
		{78BE6EDB-648A-4D6D-9D2C-9E6E822109E4}.Release|Any CPU.ActiveCfg = Release|Any CPU
		{78BE6EDB-648A-4D6D-9D2C-9E6E822109E4}.Release|Any CPU.Build.0 = Release|Any CPU
		{24F859C8-FDC3-461B-BC30-D99017921A8E}.Debug|Any CPU.ActiveCfg = Debug|Any CPU
		{24F859C8-FDC3-461B-BC30-D99017921A8E}.Debug|Any CPU.Build.0 = Debug|Any CPU
		{24F859C8-FDC3-461B-BC30-D99017921A8E}.Release|Any CPU.ActiveCfg = Release|Any CPU
		{24F859C8-FDC3-461B-BC30-D99017921A8E}.Release|Any CPU.Build.0 = Release|Any CPU
		{232DF48E-191E-4940-9E6C-4F1A968FBA78}.Debug|Any CPU.ActiveCfg = Debug|Any CPU
		{232DF48E-191E-4940-9E6C-4F1A968FBA78}.Debug|Any CPU.Build.0 = Debug|Any CPU
		{232DF48E-191E-4940-9E6C-4F1A968FBA78}.Release|Any CPU.ActiveCfg = Release|Any CPU
		{232DF48E-191E-4940-9E6C-4F1A968FBA78}.Release|Any CPU.Build.0 = Release|Any CPU
		{F25B4108-92E1-41CD-B430-A22E355A38AB}.Debug|Any CPU.ActiveCfg = Debug|Any CPU
		{F25B4108-92E1-41CD-B430-A22E355A38AB}.Debug|Any CPU.Build.0 = Debug|Any CPU
		{F25B4108-92E1-41CD-B430-A22E355A38AB}.Release|Any CPU.ActiveCfg = Release|Any CPU
		{F25B4108-92E1-41CD-B430-A22E355A38AB}.Release|Any CPU.Build.0 = Release|Any CPU
		{811CA5D2-3682-4CC9-AA0D-77CD8D15B165}.Debug|Any CPU.ActiveCfg = Debug|Any CPU
		{811CA5D2-3682-4CC9-AA0D-77CD8D15B165}.Debug|Any CPU.Build.0 = Debug|Any CPU
		{811CA5D2-3682-4CC9-AA0D-77CD8D15B165}.Release|Any CPU.ActiveCfg = Release|Any CPU
		{811CA5D2-3682-4CC9-AA0D-77CD8D15B165}.Release|Any CPU.Build.0 = Release|Any CPU
		{9F3B3B22-0B1D-47AF-A155-6E71775113E1}.Debug|Any CPU.ActiveCfg = Debug|Any CPU
		{9F3B3B22-0B1D-47AF-A155-6E71775113E1}.Debug|Any CPU.Build.0 = Debug|Any CPU
		{9F3B3B22-0B1D-47AF-A155-6E71775113E1}.Release|Any CPU.ActiveCfg = Release|Any CPU
		{9F3B3B22-0B1D-47AF-A155-6E71775113E1}.Release|Any CPU.Build.0 = Release|Any CPU
		{07A9D91E-6B19-45D7-B421-F3F37112DB99}.Debug|Any CPU.ActiveCfg = Debug|Any CPU
		{07A9D91E-6B19-45D7-B421-F3F37112DB99}.Debug|Any CPU.Build.0 = Debug|Any CPU
		{07A9D91E-6B19-45D7-B421-F3F37112DB99}.Release|Any CPU.ActiveCfg = Release|Any CPU
		{07A9D91E-6B19-45D7-B421-F3F37112DB99}.Release|Any CPU.Build.0 = Release|Any CPU
		{DE0B2C37-4700-47F6-8B3C-678289369477}.Debug|Any CPU.ActiveCfg = Debug|Any CPU
		{DE0B2C37-4700-47F6-8B3C-678289369477}.Debug|Any CPU.Build.0 = Debug|Any CPU
		{DE0B2C37-4700-47F6-8B3C-678289369477}.Release|Any CPU.ActiveCfg = Release|Any CPU
		{DE0B2C37-4700-47F6-8B3C-678289369477}.Release|Any CPU.Build.0 = Release|Any CPU
		{DD3261A4-F8F2-427B-BC0D-9B2AA9469374}.Debug|Any CPU.ActiveCfg = Debug|Any CPU
		{DD3261A4-F8F2-427B-BC0D-9B2AA9469374}.Debug|Any CPU.Build.0 = Debug|Any CPU
		{DD3261A4-F8F2-427B-BC0D-9B2AA9469374}.Release|Any CPU.ActiveCfg = Release|Any CPU
		{DD3261A4-F8F2-427B-BC0D-9B2AA9469374}.Release|Any CPU.Build.0 = Release|Any CPU
	EndGlobalSection
	GlobalSection(SolutionProperties) = preSolution
		HideSolutionNode = FALSE
	EndGlobalSection
	GlobalSection(NestedProjects) = preSolution
		{7A352AC6-FF54-4BA7-A825-0DCC9260184D} = {E94958C3-5109-4384-A9CB-E165EC5754CE}
		{D2464220-2E07-46A7-BEFD-17EDAC6B6F91} = {C5CB43B2-2946-4FD0-A035-B5FFCF9A0F4C}
		{78BE6EDB-648A-4D6D-9D2C-9E6E822109E4} = {E94958C3-5109-4384-A9CB-E165EC5754CE}
		{24F859C8-FDC3-461B-BC30-D99017921A8E} = {C5CB43B2-2946-4FD0-A035-B5FFCF9A0F4C}
		{8C10A437-CF81-4A46-93A7-E380F60F4F0F} = {C5CB43B2-2946-4FD0-A035-B5FFCF9A0F4C}
		{232DF48E-191E-4940-9E6C-4F1A968FBA78} = {8C10A437-CF81-4A46-93A7-E380F60F4F0F}
		{F25B4108-92E1-41CD-B430-A22E355A38AB} = {8C10A437-CF81-4A46-93A7-E380F60F4F0F}
		{811CA5D2-3682-4CC9-AA0D-77CD8D15B165} = {8C10A437-CF81-4A46-93A7-E380F60F4F0F}
		{9F3B3B22-0B1D-47AF-A155-6E71775113E1} = {C5CB43B2-2946-4FD0-A035-B5FFCF9A0F4C}
		{07A9D91E-6B19-45D7-B421-F3F37112DB99} = {C5CB43B2-2946-4FD0-A035-B5FFCF9A0F4C}
		{DE0B2C37-4700-47F6-8B3C-678289369477} = {C5CB43B2-2946-4FD0-A035-B5FFCF9A0F4C}
		{DD3261A4-F8F2-427B-BC0D-9B2AA9469374} = {C5CB43B2-2946-4FD0-A035-B5FFCF9A0F4C}
	EndGlobalSection
	GlobalSection(ExtensibilityGlobals) = postSolution
		SolutionGuid = {08FE0BD8-4253-419D-9FBF-7F9671C9AAC2}
	EndGlobalSection
EndGlobal
